
Microsoft Visual Studio Solution File, Format Version 12.00
# Visual Studio 2012
Project("{FAE04EC0-301F-11D3-BF4B-00C04F79EFBC}") = "Probation", "Probation\Probation.csproj", "{C6F258EF-2A47-459D-8FCD-E612285F1854}"
EndProject
Global
	GlobalSection(SolutionConfigurationPlatforms) = preSolution
		Debug|Any CPU = Debug|Any CPU
		Release|Any CPU = Release|Any CPU
	EndGlobalSection
	GlobalSection(ProjectConfigurationPlatforms) = postSolution
		{C6F258EF-2A47-459D-8FCD-E612285F1854}.Debug|Any CPU.ActiveCfg = Debug|Any CPU
		{C6F258EF-2A47-459D-8FCD-E612285F1854}.Debug|Any CPU.Build.0 = Debug|Any CPU
		{C6F258EF-2A47-459D-8FCD-E612285F1854}.Release|Any CPU.ActiveCfg = Release|Any CPU
		{C6F258EF-2A47-459D-8FCD-E612285F1854}.Release|Any CPU.Build.0 = Release|Any CPU
	EndGlobalSection
	GlobalSection(SolutionProperties) = preSolution
		HideSolutionNode = FALSE
	EndGlobalSection
EndGlobal
